// !$*UTF8*$!
{
	archiveVersion = 1;
	classes = {
	};
	objectVersion = 50;
	objects = {

/* Begin PBXBuildFile section */
		352E56E5209FE340008F5753 /* AppDelegate.m in Sources */ = {isa = PBXBuildFile; fileRef = 352E56E4209FE340008F5753 /* AppDelegate.m */; };
		352E56E8209FE340008F5753 /* ViewController.m in Sources */ = {isa = PBXBuildFile; fileRef = 352E56E7209FE340008F5753 /* ViewController.m */; };
		352E56EB209FE340008F5753 /* Main.storyboard in Resources */ = {isa = PBXBuildFile; fileRef = 352E56E9209FE340008F5753 /* Main.storyboard */; };
		352E56ED209FE341008F5753 /* Assets.xcassets in Resources */ = {isa = PBXBuildFile; fileRef = 352E56EC209FE341008F5753 /* Assets.xcassets */; };
		352E56F0209FE341008F5753 /* LaunchScreen.storyboard in Resources */ = {isa = PBXBuildFile; fileRef = 352E56EE209FE341008F5753 /* LaunchScreen.storyboard */; };
		352E56F3209FE341008F5753 /* main.m in Sources */ = {isa = PBXBuildFile; fileRef = 352E56F2209FE341008F5753 /* main.m */; };
		352E573620A135B7008F5753 /* WZRefection.m in Sources */ = {isa = PBXBuildFile; fileRef = 352E573520A135B7008F5753 /* WZRefection.m */; };
		352E573920A13880008F5753 /* Person.m in Sources */ = {isa = PBXBuildFile; fileRef = 352E573820A13880008F5753 /* Person.m */; };
		3581F7D420A2D5D700AB10A2 /* WZUIHelper.m in Sources */ = {isa = PBXBuildFile; fileRef = 3581F7D320A2D5D700AB10A2 /* WZUIHelper.m */; };
		35F06FB920AA808A00C94D8F /* NSDate+WZAdd.m in Sources */ = {isa = PBXBuildFile; fileRef = 35F06FB820AA808A00C94D8F /* NSDate+WZAdd.m */; };
		35F06FD120ABD4B700C94D8F /* WZObjectBuilder.m in Sources */ = {isa = PBXBuildFile; fileRef = 35F06FD020ABD4B700C94D8F /* WZObjectBuilder.m */; };
		35F06FEC20B2A23900C94D8F /* NSString+WZAdd.m in Sources */ = {isa = PBXBuildFile; fileRef = 35F06FEB20B2A23900C94D8F /* NSString+WZAdd.m */; };
		35F0705620B5165600C94D8F /* WZDeviceUtility.m in Sources */ = {isa = PBXBuildFile; fileRef = 35F0705520B5165600C94D8F /* WZDeviceUtility.m */; };
		35F0705920B5173D00C94D8F /* UIColor+WZAdd.m in Sources */ = {isa = PBXBuildFile; fileRef = 35F0705820B5173D00C94D8F /* UIColor+WZAdd.m */; };
		35F0705F20B56E7900C94D8F /* UIView+WZAdd.m in Sources */ = {isa = PBXBuildFile; fileRef = 35F0705E20B56E7900C94D8F /* UIView+WZAdd.m */; };
		35F0706220B56FDB00C94D8F /* NSCalendar+WZAdd.m in Sources */ = {isa = PBXBuildFile; fileRef = 35F0706120B56FDB00C94D8F /* NSCalendar+WZAdd.m */; };
		B6276D77212D01B9006D5950 /* WZWeakArray.m in Sources */ = {isa = PBXBuildFile; fileRef = B6276D76212D01B9006D5950 /* WZWeakArray.m */; };
/* End PBXBuildFile section */

/* Begin PBXFileReference section */
		352E56E0209FE340008F5753 /* WZUtility.app */ = {isa = PBXFileReference; explicitFileType = wrapper.application; includeInIndex = 0; path = WZUtility.app; sourceTree = BUILT_PRODUCTS_DIR; };
		352E56E3209FE340008F5753 /* AppDelegate.h */ = {isa = PBXFileReference; lastKnownFileType = sourcecode.c.h; path = AppDelegate.h; sourceTree = "<group>"; };
		352E56E4209FE340008F5753 /* AppDelegate.m */ = {isa = PBXFileReference; lastKnownFileType = sourcecode.c.objc; path = AppDelegate.m; sourceTree = "<group>"; };
		352E56E6209FE340008F5753 /* ViewController.h */ = {isa = PBXFileReference; lastKnownFileType = sourcecode.c.h; path = ViewController.h; sourceTree = "<group>"; };
		352E56E7209FE340008F5753 /* ViewController.m */ = {isa = PBXFileReference; lastKnownFileType = sourcecode.c.objc; path = ViewController.m; sourceTree = "<group>"; };
		352E56EA209FE340008F5753 /* Base */ = {isa = PBXFileReference; lastKnownFileType = file.storyboard; name = Base; path = Base.lproj/Main.storyboard; sourceTree = "<group>"; };
		352E56EC209FE341008F5753 /* Assets.xcassets */ = {isa = PBXFileReference; lastKnownFileType = folder.assetcatalog; path = Assets.xcassets; sourceTree = "<group>"; };
		352E56EF209FE341008F5753 /* Base */ = {isa = PBXFileReference; lastKnownFileType = file.storyboard; name = Base; path = Base.lproj/LaunchScreen.storyboard; sourceTree = "<group>"; };
		352E56F1209FE341008F5753 /* Info.plist */ = {isa = PBXFileReference; lastKnownFileType = text.plist.xml; path = Info.plist; sourceTree = "<group>"; };
		352E56F2209FE341008F5753 /* main.m */ = {isa = PBXFileReference; lastKnownFileType = sourcecode.c.objc; path = main.m; sourceTree = "<group>"; };
		352E573420A135B7008F5753 /* WZRefection.h */ = {isa = PBXFileReference; lastKnownFileType = sourcecode.c.h; path = WZRefection.h; sourceTree = "<group>"; };
		352E573520A135B7008F5753 /* WZRefection.m */ = {isa = PBXFileReference; lastKnownFileType = sourcecode.c.objc; path = WZRefection.m; sourceTree = "<group>"; };
		352E573720A13880008F5753 /* Person.h */ = {isa = PBXFileReference; lastKnownFileType = sourcecode.c.h; path = Person.h; sourceTree = "<group>"; };
		352E573820A13880008F5753 /* Person.m */ = {isa = PBXFileReference; lastKnownFileType = sourcecode.c.objc; path = Person.m; sourceTree = "<group>"; };
		3581F7D220A2D5D700AB10A2 /* WZUIHelper.h */ = {isa = PBXFileReference; lastKnownFileType = sourcecode.c.h; path = WZUIHelper.h; sourceTree = "<group>"; };
		3581F7D320A2D5D700AB10A2 /* WZUIHelper.m */ = {isa = PBXFileReference; lastKnownFileType = sourcecode.c.objc; path = WZUIHelper.m; sourceTree = "<group>"; };
		3581F7D920A2D7F800AB10A2 /* WZTools.h */ = {isa = PBXFileReference; lastKnownFileType = sourcecode.c.h; path = WZTools.h; sourceTree = "<group>"; };
		35F06FB720AA808A00C94D8F /* NSDate+WZAdd.h */ = {isa = PBXFileReference; lastKnownFileType = sourcecode.c.h; path = "NSDate+WZAdd.h"; sourceTree = "<group>"; };
		35F06FB820AA808A00C94D8F /* NSDate+WZAdd.m */ = {isa = PBXFileReference; lastKnownFileType = sourcecode.c.objc; path = "NSDate+WZAdd.m"; sourceTree = "<group>"; };
		35F06FCF20ABD4B700C94D8F /* WZObjectBuilder.h */ = {isa = PBXFileReference; lastKnownFileType = sourcecode.c.h; path = WZObjectBuilder.h; sourceTree = "<group>"; };
		35F06FD020ABD4B700C94D8F /* WZObjectBuilder.m */ = {isa = PBXFileReference; lastKnownFileType = sourcecode.c.objc; path = WZObjectBuilder.m; sourceTree = "<group>"; };
		35F06FEA20B2A23900C94D8F /* NSString+WZAdd.h */ = {isa = PBXFileReference; lastKnownFileType = sourcecode.c.h; path = "NSString+WZAdd.h"; sourceTree = "<group>"; };
		35F06FEB20B2A23900C94D8F /* NSString+WZAdd.m */ = {isa = PBXFileReference; lastKnownFileType = sourcecode.c.objc; path = "NSString+WZAdd.m"; sourceTree = "<group>"; };
		35F0705420B5165600C94D8F /* WZDeviceUtility.h */ = {isa = PBXFileReference; lastKnownFileType = sourcecode.c.h; path = WZDeviceUtility.h; sourceTree = "<group>"; };
		35F0705520B5165600C94D8F /* WZDeviceUtility.m */ = {isa = PBXFileReference; lastKnownFileType = sourcecode.c.objc; path = WZDeviceUtility.m; sourceTree = "<group>"; };
		35F0705720B5173D00C94D8F /* UIColor+WZAdd.h */ = {isa = PBXFileReference; lastKnownFileType = sourcecode.c.h; path = "UIColor+WZAdd.h"; sourceTree = "<group>"; };
		35F0705820B5173D00C94D8F /* UIColor+WZAdd.m */ = {isa = PBXFileReference; lastKnownFileType = sourcecode.c.objc; path = "UIColor+WZAdd.m"; sourceTree = "<group>"; };
		35F0705D20B56E7900C94D8F /* UIView+WZAdd.h */ = {isa = PBXFileReference; lastKnownFileType = sourcecode.c.h; path = "UIView+WZAdd.h"; sourceTree = "<group>"; };
		35F0705E20B56E7900C94D8F /* UIView+WZAdd.m */ = {isa = PBXFileReference; lastKnownFileType = sourcecode.c.objc; path = "UIView+WZAdd.m"; sourceTree = "<group>"; };
		35F0706020B56FDB00C94D8F /* NSCalendar+WZAdd.h */ = {isa = PBXFileReference; lastKnownFileType = sourcecode.c.h; path = "NSCalendar+WZAdd.h"; sourceTree = "<group>"; };
		35F0706120B56FDB00C94D8F /* NSCalendar+WZAdd.m */ = {isa = PBXFileReference; lastKnownFileType = sourcecode.c.objc; path = "NSCalendar+WZAdd.m"; sourceTree = "<group>"; };
		B6276D75212D01B9006D5950 /* WZWeakArray.h */ = {isa = PBXFileReference; fileEncoding = 4; lastKnownFileType = sourcecode.c.h; path = WZWeakArray.h; sourceTree = "<group>"; };
		B6276D76212D01B9006D5950 /* WZWeakArray.m */ = {isa = PBXFileReference; fileEncoding = 4; lastKnownFileType = sourcecode.c.objc; path = WZWeakArray.m; sourceTree = "<group>"; };
/* End PBXFileReference section */

/* Begin PBXFrameworksBuildPhase section */
		352E56DD209FE340008F5753 /* Frameworks */ = {
			isa = PBXFrameworksBuildPhase;
			buildActionMask = 2147483647;
			files = (
			);
			runOnlyForDeploymentPostprocessing = 0;
		};
/* End PBXFrameworksBuildPhase section */

/* Begin PBXGroup section */
		352E56D7209FE340008F5753 = {
			isa = PBXGroup;
			children = (
				352E56E2209FE340008F5753 /* WZUtility */,
				352E56E1209FE340008F5753 /* Products */,
			);
			sourceTree = "<group>";
		};
		352E56E1209FE340008F5753 /* Products */ = {
			isa = PBXGroup;
			children = (
				352E56E0209FE340008F5753 /* WZUtility.app */,
			);
			name = Products;
			sourceTree = "<group>";
		};
		352E56E2209FE340008F5753 /* WZUtility */ = {
			isa = PBXGroup;
			children = (
				3581F7D820A2D7DE00AB10A2 /* Tool */,
				352E56E3209FE340008F5753 /* AppDelegate.h */,
				352E56E4209FE340008F5753 /* AppDelegate.m */,
				352E573720A13880008F5753 /* Person.h */,
				352E573820A13880008F5753 /* Person.m */,
				352E56E6209FE340008F5753 /* ViewController.h */,
				352E56E7209FE340008F5753 /* ViewController.m */,
				352E56E9209FE340008F5753 /* Main.storyboard */,
				352E56EC209FE341008F5753 /* Assets.xcassets */,
				352E56EE209FE341008F5753 /* LaunchScreen.storyboard */,
				352E56F1209FE341008F5753 /* Info.plist */,
				352E56F2209FE341008F5753 /* main.m */,
			);
			path = WZUtility;
			sourceTree = "<group>";
		};
		352E573320A13555008F5753 /* Refection */ = {
			isa = PBXGroup;
			children = (
				352E573420A135B7008F5753 /* WZRefection.h */,
				352E573520A135B7008F5753 /* WZRefection.m */,
			);
			path = Refection;
			sourceTree = "<group>";
		};
		3581F7CE20A2D58A00AB10A2 /* UIHelper */ = {
			isa = PBXGroup;
			children = (
				3581F7D220A2D5D700AB10A2 /* WZUIHelper.h */,
				3581F7D320A2D5D700AB10A2 /* WZUIHelper.m */,
			);
			path = UIHelper;
			sourceTree = "<group>";
		};
		3581F7D820A2D7DE00AB10A2 /* Tool */ = {
			isa = PBXGroup;
			children = (
				B6276D78212D01BD006D5950 /* Function */,
				352E573320A13555008F5753 /* Refection */,
				3581F7CE20A2D58A00AB10A2 /* UIHelper */,
				35F06FE920B29F8A00C94D8F /* Category */,
				3581F7D920A2D7F800AB10A2 /* WZTools.h */,
			);
			path = Tool;
			sourceTree = "<group>";
		};
		35F06FE920B29F8A00C94D8F /* Category */ = {
			isa = PBXGroup;
			children = (
				35F06FB720AA808A00C94D8F /* NSDate+WZAdd.h */,
				35F06FB820AA808A00C94D8F /* NSDate+WZAdd.m */,
				35F06FEA20B2A23900C94D8F /* NSString+WZAdd.h */,
				35F06FEB20B2A23900C94D8F /* NSString+WZAdd.m */,
				35F0705720B5173D00C94D8F /* UIColor+WZAdd.h */,
				35F0705820B5173D00C94D8F /* UIColor+WZAdd.m */,
				35F0705D20B56E7900C94D8F /* UIView+WZAdd.h */,
				35F0705E20B56E7900C94D8F /* UIView+WZAdd.m */,
				35F0706020B56FDB00C94D8F /* NSCalendar+WZAdd.h */,
				35F0706120B56FDB00C94D8F /* NSCalendar+WZAdd.m */,
			);
			path = Category;
			sourceTree = "<group>";
		};
		B6276D78212D01BD006D5950 /* Function */ = {
			isa = PBXGroup;
			children = (
				35F06FCF20ABD4B700C94D8F /* WZObjectBuilder.h */,
				35F06FD020ABD4B700C94D8F /* WZObjectBuilder.m */,
				35F0705420B5165600C94D8F /* WZDeviceUtility.h */,
				35F0705520B5165600C94D8F /* WZDeviceUtility.m */,
				B6276D75212D01B9006D5950 /* WZWeakArray.h */,
				B6276D76212D01B9006D5950 /* WZWeakArray.m */,
			);
			path = Function;
			sourceTree = "<group>";
		};
/* End PBXGroup section */

/* Begin PBXNativeTarget section */
		352E56DF209FE340008F5753 /* WZUtility */ = {
			isa = PBXNativeTarget;
			buildConfigurationList = 352E56F6209FE341008F5753 /* Build configuration list for PBXNativeTarget "WZUtility" */;
			buildPhases = (
				352E56DC209FE340008F5753 /* Sources */,
				352E56DD209FE340008F5753 /* Frameworks */,
				352E56DE209FE340008F5753 /* Resources */,
			);
			buildRules = (
			);
			dependencies = (
			);
			name = WZUtility;
			productName = WZUtility;
			productReference = 352E56E0209FE340008F5753 /* WZUtility.app */;
			productType = "com.apple.product-type.application";
		};
/* End PBXNativeTarget section */

/* Begin PBXProject section */
		352E56D8209FE340008F5753 /* Project object */ = {
			isa = PBXProject;
			attributes = {
				LastUpgradeCheck = 0930;
				ORGANIZATIONNAME = "@";
				TargetAttributes = {
					352E56DF209FE340008F5753 = {
						CreatedOnToolsVersion = 9.3;
					};
				};
			};
			buildConfigurationList = 352E56DB209FE340008F5753 /* Build configuration list for PBXProject "WZUtility" */;
			compatibilityVersion = "Xcode 9.3";
			developmentRegion = en;
			hasScannedForEncodings = 0;
			knownRegions = (
				en,
				Base,
			);
			mainGroup = 352E56D7209FE340008F5753;
			productRefGroup = 352E56E1209FE340008F5753 /* Products */;
			projectDirPath = "";
			projectRoot = "";
			targets = (
				352E56DF209FE340008F5753 /* WZUtility */,
			);
		};
/* End PBXProject section */

/* Begin PBXResourcesBuildPhase section */
		352E56DE209FE340008F5753 /* Resources */ = {
			isa = PBXResourcesBuildPhase;
			buildActionMask = 2147483647;
			files = (
				352E56F0209FE341008F5753 /* LaunchScreen.storyboard in Resources */,
				352E56ED209FE341008F5753 /* Assets.xcassets in Resources */,
				352E56EB209FE340008F5753 /* Main.storyboard in Resources */,
			);
			runOnlyForDeploymentPostprocessing = 0;
		};
/* End PBXResourcesBuildPhase section */

/* Begin PBXSourcesBuildPhase section */
		352E56DC209FE340008F5753 /* Sources */ = {
			isa = PBXSourcesBuildPhase;
			buildActionMask = 2147483647;
			files = (
				35F0705920B5173D00C94D8F /* UIColor+WZAdd.m in Sources */,
				352E573620A135B7008F5753 /* WZRefection.m in Sources */,
				3581F7D420A2D5D700AB10A2 /* WZUIHelper.m in Sources */,
				352E56E8209FE340008F5753 /* ViewController.m in Sources */,
				352E573920A13880008F5753 /* Person.m in Sources */,
				35F06FD120ABD4B700C94D8F /* WZObjectBuilder.m in Sources */,
				35F0706220B56FDB00C94D8F /* NSCalendar+WZAdd.m in Sources */,
				35F06FB920AA808A00C94D8F /* NSDate+WZAdd.m in Sources */,
				B6276D77212D01B9006D5950 /* WZWeakArray.m in Sources */,
				352E56F3209FE341008F5753 /* main.m in Sources */,
				352E56E5209FE340008F5753 /* AppDelegate.m in Sources */,
				35F0705F20B56E7900C94D8F /* UIView+WZAdd.m in Sources */,
				35F06FEC20B2A23900C94D8F /* NSString+WZAdd.m in Sources */,
				35F0705620B5165600C94D8F /* WZDeviceUtility.m in Sources */,
			);
			runOnlyForDeploymentPostprocessing = 0;
		};
/* End PBXSourcesBuildPhase section */

/* Begin PBXVariantGroup section */
		352E56E9209FE340008F5753 /* Main.storyboard */ = {
			isa = PBXVariantGroup;
			children = (
				352E56EA209FE340008F5753 /* Base */,
			);
			name = Main.storyboard;
			sourceTree = "<group>";
		};
		352E56EE209FE341008F5753 /* LaunchScreen.storyboard */ = {
			isa = PBXVariantGroup;
			children = (
				352E56EF209FE341008F5753 /* Base */,
			);
			name = LaunchScreen.storyboard;
			sourceTree = "<group>";
		};
/* End PBXVariantGroup section */

/* Begin XCBuildConfiguration section */
		352E56F4209FE341008F5753 /* Debug */ = {
			isa = XCBuildConfiguration;
			buildSettings = {
				ALWAYS_SEARCH_USER_PATHS = NO;
				CLANG_ANALYZER_NONNULL = YES;
				CLANG_ANALYZER_NUMBER_OBJECT_CONVERSION = YES_AGGRESSIVE;
				CLANG_CXX_LANGUAGE_STANDARD = "gnu++14";
				CLANG_CXX_LIBRARY = "libc++";
				CLANG_ENABLE_MODULES = YES;
				CLANG_ENABLE_OBJC_ARC = YES;
				CLANG_ENABLE_OBJC_WEAK = YES;
				CLANG_WARN_BLOCK_CAPTURE_AUTORELEASING = YES;
				CLANG_WARN_BOOL_CONVERSION = YES;
				CLANG_WARN_COMMA = YES;
				CLANG_WARN_CONSTANT_CONVERSION = YES;
				CLANG_WARN_DEPRECATED_OBJC_IMPLEMENTATIONS = YES;
				CLANG_WARN_DIRECT_OBJC_ISA_USAGE = YES_ERROR;
				CLANG_WARN_DOCUMENTATION_COMMENTS = YES;
				CLANG_WARN_EMPTY_BODY = YES;
				CLANG_WARN_ENUM_CONVERSION = YES;
				CLANG_WARN_INFINITE_RECURSION = YES;
				CLANG_WARN_INT_CONVERSION = YES;
				CLANG_WARN_NON_LITERAL_NULL_CONVERSION = YES;
				CLANG_WARN_OBJC_IMPLICIT_RETAIN_SELF = YES;
				CLANG_WARN_OBJC_LITERAL_CONVERSION = YES;
				CLANG_WARN_OBJC_ROOT_CLASS = YES_ERROR;
				CLANG_WARN_RANGE_LOOP_ANALYSIS = YES;
				CLANG_WARN_STRICT_PROTOTYPES = YES;
				CLANG_WARN_SUSPICIOUS_MOVE = YES;
				CLANG_WARN_UNGUARDED_AVAILABILITY = YES_AGGRESSIVE;
				CLANG_WARN_UNREACHABLE_CODE = YES;
				CLANG_WARN__DUPLICATE_METHOD_MATCH = YES;
				CODE_SIGN_IDENTITY = "iPhone Developer";
				COPY_PHASE_STRIP = NO;
				DEBUG_INFORMATION_FORMAT = dwarf;
				ENABLE_STRICT_OBJC_MSGSEND = YES;
				ENABLE_TESTABILITY = YES;
				GCC_C_LANGUAGE_STANDARD = gnu11;
				GCC_DYNAMIC_NO_PIC = NO;
				GCC_NO_COMMON_BLOCKS = YES;
				GCC_OPTIMIZATION_LEVEL = 0;
				GCC_PREPROCESSOR_DEFINITIONS = (
					"DEBUG=1",
					"$(inherited)",
				);
				GCC_WARN_64_TO_32_BIT_CONVERSION = YES;
				GCC_WARN_ABOUT_RETURN_TYPE = YES_ERROR;
				GCC_WARN_UNDECLARED_SELECTOR = YES;
				GCC_WARN_UNINITIALIZED_AUTOS = YES_AGGRESSIVE;
				GCC_WARN_UNUSED_FUNCTION = YES;
				GCC_WARN_UNUSED_VARIABLE = YES;
				IPHONEOS_DEPLOYMENT_TARGET = 11.3;
				MTL_ENABLE_DEBUG_INFO = YES;
				ONLY_ACTIVE_ARCH = YES;
				SDKROOT = iphoneos;
			};
			name = Debug;
		};
		352E56F5209FE341008F5753 /* Release */ = {
			isa = XCBuildConfiguration;
			buildSettings = {
				ALWAYS_SEARCH_USER_PATHS = NO;
				CLANG_ANALYZER_NONNULL = YES;
				CLANG_ANALYZER_NUMBER_OBJECT_CONVERSION = YES_AGGRESSIVE;
				CLANG_CXX_LANGUAGE_STANDARD = "gnu++14";
				CLANG_CXX_LIBRARY = "libc++";
				CLANG_ENABLE_MODULES = YES;
				CLANG_ENABLE_OBJC_ARC = YES;
				CLANG_ENABLE_OBJC_WEAK = YES;
				CLANG_WARN_BLOCK_CAPTURE_AUTORELEASING = YES;
				CLANG_WARN_BOOL_CONVERSION = YES;
				CLANG_WARN_COMMA = YES;
				CLANG_WARN_CONSTANT_CONVERSION = YES;
				CLANG_WARN_DEPRECATED_OBJC_IMPLEMENTATIONS = YES;
				CLANG_WARN_DIRECT_OBJC_ISA_USAGE = YES_ERROR;
				CLANG_WARN_DOCUMENTATION_COMMENTS = YES;
				CLANG_WARN_EMPTY_BODY = YES;
				CLANG_WARN_ENUM_CONVERSION = YES;
				CLANG_WARN_INFINITE_RECURSION = YES;
				CLANG_WARN_INT_CONVERSION = YES;
				CLANG_WARN_NON_LITERAL_NULL_CONVERSION = YES;
				CLANG_WARN_OBJC_IMPLICIT_RETAIN_SELF = YES;
				CLANG_WARN_OBJC_LITERAL_CONVERSION = YES;
				CLANG_WARN_OBJC_ROOT_CLASS = YES_ERROR;
				CLANG_WARN_RANGE_LOOP_ANALYSIS = YES;
				CLANG_WARN_STRICT_PROTOTYPES = YES;
				CLANG_WARN_SUSPICIOUS_MOVE = YES;
				CLANG_WARN_UNGUARDED_AVAILABILITY = YES_AGGRESSIVE;
				CLANG_WARN_UNREACHABLE_CODE = YES;
				CLANG_WARN__DUPLICATE_METHOD_MATCH = YES;
				CODE_SIGN_IDENTITY = "iPhone Developer";
				COPY_PHASE_STRIP = NO;
				DEBUG_INFORMATION_FORMAT = "dwarf-with-dsym";
				ENABLE_NS_ASSERTIONS = NO;
				ENABLE_STRICT_OBJC_MSGSEND = YES;
				GCC_C_LANGUAGE_STANDARD = gnu11;
				GCC_NO_COMMON_BLOCKS = YES;
				GCC_WARN_64_TO_32_BIT_CONVERSION = YES;
				GCC_WARN_ABOUT_RETURN_TYPE = YES_ERROR;
				GCC_WARN_UNDECLARED_SELECTOR = YES;
				GCC_WARN_UNINITIALIZED_AUTOS = YES_AGGRESSIVE;
				GCC_WARN_UNUSED_FUNCTION = YES;
				GCC_WARN_UNUSED_VARIABLE = YES;
				IPHONEOS_DEPLOYMENT_TARGET = 11.3;
				MTL_ENABLE_DEBUG_INFO = NO;
				SDKROOT = iphoneos;
				VALIDATE_PRODUCT = YES;
			};
			name = Release;
		};
		352E56F7209FE341008F5753 /* Debug */ = {
			isa = XCBuildConfiguration;
			buildSettings = {
				ASSETCATALOG_COMPILER_APPICON_NAME = AppIcon;
				CODE_SIGN_STYLE = Automatic;
				DEVELOPMENT_TEAM = BN2J5797MW;
				INFOPLIST_FILE = WZUtility/Info.plist;
				LD_RUNPATH_SEARCH_PATHS = (
					"$(inherited)",
					"@executable_path/Frameworks",
				);
				PRODUCT_BUNDLE_IDENTIFIER = wz.WZUtility;
				PRODUCT_NAME = "$(TARGET_NAME)";
				TARGETED_DEVICE_FAMILY = "1,2";
			};
			name = Debug;
		};
		352E56F8209FE341008F5753 /* Release */ = {
			isa = XCBuildConfiguration;
			buildSettings = {
				ASSETCATALOG_COMPILER_APPICON_NAME = AppIcon;
				CODE_SIGN_STYLE = Automatic;
				DEVELOPMENT_TEAM = BN2J5797MW;
				INFOPLIST_FILE = WZUtility/Info.plist;
				LD_RUNPATH_SEARCH_PATHS = (
					"$(inherited)",
					"@executable_path/Frameworks",
				);
				PRODUCT_BUNDLE_IDENTIFIER = wz.WZUtility;
				PRODUCT_NAME = "$(TARGET_NAME)";
				TARGETED_DEVICE_FAMILY = "1,2";
			};
			name = Release;
		};
/* End XCBuildConfiguration section */

/* Begin XCConfigurationList section */
		352E56DB209FE340008F5753 /* Build configuration list for PBXProject "WZUtility" */ = {
			isa = XCConfigurationList;
			buildConfigurations = (
				352E56F4209FE341008F5753 /* Debug */,
				352E56F5209FE341008F5753 /* Release */,
			);
			defaultConfigurationIsVisible = 0;
			defaultConfigurationName = Release;
		};
		352E56F6209FE341008F5753 /* Build configuration list for PBXNativeTarget "WZUtility" */ = {
			isa = XCConfigurationList;
			buildConfigurations = (
				352E56F7209FE341008F5753 /* Debug */,
				352E56F8209FE341008F5753 /* Release */,
			);
			defaultConfigurationIsVisible = 0;
			defaultConfigurationName = Release;
		};
/* End XCConfigurationList section */
	};
	rootObject = 352E56D8209FE340008F5753 /* Project object */;
}
